
Microsoft Visual Studio Solution File, Format Version 12.00
# Visual Studio 15
VisualStudioVersion = 15.0.27004.2006
MinimumVisualStudioVersion = 10.0.40219.1
Project("{FAE04EC0-301F-11D3-BF4B-00C04F79EFBC}") = "WebTest", "WebTest\WebTest.csproj", "{BF2C67EA-750C-48A9-B066-E48AC126F175}"
EndProject
Project("{FAE04EC0-301F-11D3-BF4B-00C04F79EFBC}") = "WebSlet", "WebSlet\WebSlet.csproj", "{CE383F79-D5C3-4F10-BD1A-00D420AB7D8B}"
EndProject
Global
	GlobalSection(SolutionConfigurationPlatforms) = preSolution
		Debug|Any CPU = Debug|Any CPU
		Release|Any CPU = Release|Any CPU
	EndGlobalSection
	GlobalSection(ProjectConfigurationPlatforms) = postSolution
		{BF2C67EA-750C-48A9-B066-E48AC126F175}.Debug|Any CPU.ActiveCfg = Debug|Any CPU
		{BF2C67EA-750C-48A9-B066-E48AC126F175}.Debug|Any CPU.Build.0 = Debug|Any CPU
		{BF2C67EA-750C-48A9-B066-E48AC126F175}.Release|Any CPU.ActiveCfg = Release|Any CPU
		{BF2C67EA-750C-48A9-B066-E48AC126F175}.Release|Any CPU.Build.0 = Release|Any CPU
		{CE383F79-D5C3-4F10-BD1A-00D420AB7D8B}.Debug|Any CPU.ActiveCfg = Debug|Any CPU
		{CE383F79-D5C3-4F10-BD1A-00D420AB7D8B}.Debug|Any CPU.Build.0 = Debug|Any CPU
		{CE383F79-D5C3-4F10-BD1A-00D420AB7D8B}.Release|Any CPU.ActiveCfg = Release|Any CPU
		{CE383F79-D5C3-4F10-BD1A-00D420AB7D8B}.Release|Any CPU.Build.0 = Release|Any CPU
	EndGlobalSection
	GlobalSection(SolutionProperties) = preSolution
		HideSolutionNode = FALSE
	EndGlobalSection
	GlobalSection(ExtensibilityGlobals) = postSolution
		SolutionGuid = {891F8946-618C-4985-8DC8-7F98C7723BB8}
	EndGlobalSection
EndGlobal
